
Microsoft Visual Studio Solution File, Format Version 12.00
# Visual Studio Version 16
VisualStudioVersion = 16.0.30804.86
MinimumVisualStudioVersion = 10.0.40219.1
Project("{FAE04EC0-301F-11D3-BF4B-00C04F79EFBC}") = "busyIdle", "busyIdle\busyIdle.csproj", "{E563D720-4096-46F0-AD91-D01ECB93C2C2}"
EndProject
Global
	GlobalSection(SolutionConfigurationPlatforms) = preSolution
		Debug|Any CPU = Debug|Any CPU
		Release|Any CPU = Release|Any CPU
	EndGlobalSection
	GlobalSection(ProjectConfigurationPlatforms) = postSolution
		{E563D720-4096-46F0-AD91-D01ECB93C2C2}.Debug|Any CPU.ActiveCfg = Debug|Any CPU
		{E563D720-4096-46F0-AD91-D01ECB93C2C2}.Debug|Any CPU.Build.0 = Debug|Any CPU
		{E563D720-4096-46F0-AD91-D01ECB93C2C2}.Release|Any CPU.ActiveCfg = Release|Any CPU
		{E563D720-4096-46F0-AD91-D01ECB93C2C2}.Release|Any CPU.Build.0 = Release|Any CPU
	EndGlobalSection
	GlobalSection(SolutionProperties) = preSolution
		HideSolutionNode = FALSE
	EndGlobalSection
	GlobalSection(ExtensibilityGlobals) = postSolution
		SolutionGuid = {FAD89A95-2CAA-4805-9C3A-2D9CFB02AD5A}
	EndGlobalSection
EndGlobal
